
Microsoft Visual Studio Solution File, Format Version 12.00
# Visual Studio Version 17
VisualStudioVersion = 17.3.32825.248
MinimumVisualStudioVersion = 10.0.40219.1
Project("{FAE04EC0-301F-11D3-BF4B-00C04F79EFBC}") = "Barcos", "Barcos.csproj", "{2F0D38EE-36D8-4FCB-9077-2D8D370C4927}"
EndProject
Global
	GlobalSection(SolutionConfigurationPlatforms) = preSolution
		Debug|Any CPU = Debug|Any CPU
		Release|Any CPU = Release|Any CPU
	EndGlobalSection
	GlobalSection(ProjectConfigurationPlatforms) = postSolution
		{2F0D38EE-36D8-4FCB-9077-2D8D370C4927}.Debug|Any CPU.ActiveCfg = Debug|Any CPU
		{2F0D38EE-36D8-4FCB-9077-2D8D370C4927}.Debug|Any CPU.Build.0 = Debug|Any CPU
		{2F0D38EE-36D8-4FCB-9077-2D8D370C4927}.Release|Any CPU.ActiveCfg = Release|Any CPU
		{2F0D38EE-36D8-4FCB-9077-2D8D370C4927}.Release|Any CPU.Build.0 = Release|Any CPU
	EndGlobalSection
	GlobalSection(SolutionProperties) = preSolution
		HideSolutionNode = FALSE
	EndGlobalSection
	GlobalSection(ExtensibilityGlobals) = postSolution
		SolutionGuid = {441E5854-056C-4A63-9FC4-A38BC63ACAA4}
	EndGlobalSection
EndGlobal
